
Microsoft Visual Studio Solution File, Format Version 12.00
# Visual Studio 15
VisualStudioVersion = 15.0.28010.2046
MinimumVisualStudioVersion = 10.0.40219.1
Project("{FAE04EC0-301F-11D3-BF4B-00C04F79EFBC}") = "XamCoder.Android", "XamCoder\XamCoder.Android\XamCoder.Android.csproj", "{349582B6-72EB-4175-B72E-EFB7FFEE38B7}"
EndProject
Project("{FAE04EC0-301F-11D3-BF4B-00C04F79EFBC}") = "XamCoder.iOS", "XamCoder\XamCoder.iOS\XamCoder.iOS.csproj", "{71C68B83-0397-4AA7-AAFC-57B110209AFF}"
EndProject
Project("{FAE04EC0-301F-11D3-BF4B-00C04F79EFBC}") = "XamCoder.UWP", "XamCoder\XamCoder.UWP\XamCoder.UWP.csproj", "{C129A051-A852-4B54-AEBB-4248EF71A515}"
EndProject
Project("{FAE04EC0-301F-11D3-BF4B-00C04F79EFBC}") = "XamCoder", "XamCoder\XamCoder\XamCoder.csproj", "{272431EF-40AC-43D3-9025-EF67D5A17011}"
EndProject
Global
	GlobalSection(SolutionConfigurationPlatforms) = preSolution
		Ad-Hoc|Any CPU = Ad-Hoc|Any CPU
		Ad-Hoc|ARM = Ad-Hoc|ARM
		Ad-Hoc|iPhone = Ad-Hoc|iPhone
		Ad-Hoc|iPhoneSimulator = Ad-Hoc|iPhoneSimulator
		Ad-Hoc|x64 = Ad-Hoc|x64
		Ad-Hoc|x86 = Ad-Hoc|x86
		AppStore|Any CPU = AppStore|Any CPU
		AppStore|ARM = AppStore|ARM
		AppStore|iPhone = AppStore|iPhone
		AppStore|iPhoneSimulator = AppStore|iPhoneSimulator
		AppStore|x64 = AppStore|x64
		AppStore|x86 = AppStore|x86
		Debug|Any CPU = Debug|Any CPU
		Debug|ARM = Debug|ARM
		Debug|iPhone = Debug|iPhone
		Debug|iPhoneSimulator = Debug|iPhoneSimulator
		Debug|x64 = Debug|x64
		Debug|x86 = Debug|x86
		Release|Any CPU = Release|Any CPU
		Release|ARM = Release|ARM
		Release|iPhone = Release|iPhone
		Release|iPhoneSimulator = Release|iPhoneSimulator
		Release|x64 = Release|x64
		Release|x86 = Release|x86
	EndGlobalSection
	GlobalSection(ProjectConfigurationPlatforms) = postSolution
		{349582B6-72EB-4175-B72E-EFB7FFEE38B7}.Ad-Hoc|Any CPU.ActiveCfg = Release|Any CPU
		{349582B6-72EB-4175-B72E-EFB7FFEE38B7}.Ad-Hoc|Any CPU.Build.0 = Release|Any CPU
		{349582B6-72EB-4175-B72E-EFB7FFEE38B7}.Ad-Hoc|Any CPU.Deploy.0 = Release|Any CPU
		{349582B6-72EB-4175-B72E-EFB7FFEE38B7}.Ad-Hoc|ARM.ActiveCfg = Release|Any CPU
		{349582B6-72EB-4175-B72E-EFB7FFEE38B7}.Ad-Hoc|ARM.Build.0 = Release|Any CPU
		{349582B6-72EB-4175-B72E-EFB7FFEE38B7}.Ad-Hoc|ARM.Deploy.0 = Release|Any CPU
		{349582B6-72EB-4175-B72E-EFB7FFEE38B7}.Ad-Hoc|iPhone.ActiveCfg = Release|Any CPU
		{349582B6-72EB-4175-B72E-EFB7FFEE38B7}.Ad-Hoc|iPhone.Build.0 = Release|Any CPU
		{349582B6-72EB-4175-B72E-EFB7FFEE38B7}.Ad-Hoc|iPhone.Deploy.0 = Release|Any CPU
		{349582B6-72EB-4175-B72E-EFB7FFEE38B7}.Ad-Hoc|iPhoneSimulator.ActiveCfg = Release|Any CPU
		{349582B6-72EB-4175-B72E-EFB7FFEE38B7}.Ad-Hoc|iPhoneSimulator.Build.0 = Release|Any CPU
		{349582B6-72EB-4175-B72E-EFB7FFEE38B7}.Ad-Hoc|iPhoneSimulator.Deploy.0 = Release|Any CPU
		{349582B6-72EB-4175-B72E-EFB7FFEE38B7}.Ad-Hoc|x64.ActiveCfg = Release|Any CPU
		{349582B6-72EB-4175-B72E-EFB7FFEE38B7}.Ad-Hoc|x64.Build.0 = Release|Any CPU
		{349582B6-72EB-4175-B72E-EFB7FFEE38B7}.Ad-Hoc|x64.Deploy.0 = Release|Any CPU
		{349582B6-72EB-4175-B72E-EFB7FFEE38B7}.Ad-Hoc|x86.ActiveCfg = Release|Any CPU
		{349582B6-72EB-4175-B72E-EFB7FFEE38B7}.Ad-Hoc|x86.Build.0 = Release|Any CPU
		{349582B6-72EB-4175-B72E-EFB7FFEE38B7}.Ad-Hoc|x86.Deploy.0 = Release|Any CPU
		{349582B6-72EB-4175-B72E-EFB7FFEE38B7}.AppStore|Any CPU.ActiveCfg = Release|Any CPU
		{349582B6-72EB-4175-B72E-EFB7FFEE38B7}.AppStore|Any CPU.Build.0 = Release|Any CPU
		{349582B6-72EB-4175-B72E-EFB7FFEE38B7}.AppStore|Any CPU.Deploy.0 = Release|Any CPU
		{349582B6-72EB-4175-B72E-EFB7FFEE38B7}.AppStore|ARM.ActiveCfg = Release|Any CPU
		{349582B6-72EB-4175-B72E-EFB7FFEE38B7}.AppStore|ARM.Build.0 = Release|Any CPU
		{349582B6-72EB-4175-B72E-EFB7FFEE38B7}.AppStore|ARM.Deploy.0 = Release|Any CPU
		{349582B6-72EB-4175-B72E-EFB7FFEE38B7}.AppStore|iPhone.ActiveCfg = Release|Any CPU
		{349582B6-72EB-4175-B72E-EFB7FFEE38B7}.AppStore|iPhone.Build.0 = Release|Any CPU
		{349582B6-72EB-4175-B72E-EFB7FFEE38B7}.AppStore|iPhone.Deploy.0 = Release|Any CPU
		{349582B6-72EB-4175-B72E-EFB7FFEE38B7}.AppStore|iPhoneSimulator.ActiveCfg = Release|Any CPU
		{349582B6-72EB-4175-B72E-EFB7FFEE38B7}.AppStore|iPhoneSimulator.Build.0 = Release|Any CPU
		{349582B6-72EB-4175-B72E-EFB7FFEE38B7}.AppStore|iPhoneSimulator.Deploy.0 = Release|Any CPU
		{349582B6-72EB-4175-B72E-EFB7FFEE38B7}.AppStore|x64.ActiveCfg = Release|Any CPU
		{349582B6-72EB-4175-B72E-EFB7FFEE38B7}.AppStore|x64.Build.0 = Release|Any CPU
		{349582B6-72EB-4175-B72E-EFB7FFEE38B7}.AppStore|x64.Deploy.0 = Release|Any CPU
		{349582B6-72EB-4175-B72E-EFB7FFEE38B7}.AppStore|x86.ActiveCfg = Release|Any CPU
		{349582B6-72EB-4175-B72E-EFB7FFEE38B7}.AppStore|x86.Build.0 = Release|Any CPU
		{349582B6-72EB-4175-B72E-EFB7FFEE38B7}.AppStore|x86.Deploy.0 = Release|Any CPU
		{349582B6-72EB-4175-B72E-EFB7FFEE38B7}.Debug|Any CPU.ActiveCfg = Debug|Any CPU
		{349582B6-72EB-4175-B72E-EFB7FFEE38B7}.Debug|Any CPU.Build.0 = Debug|Any CPU
		{349582B6-72EB-4175-B72E-EFB7FFEE38B7}.Debug|Any CPU.Deploy.0 = Debug|Any CPU
		{349582B6-72EB-4175-B72E-EFB7FFEE38B7}.Debug|ARM.ActiveCfg = Debug|Any CPU
		{349582B6-72EB-4175-B72E-EFB7FFEE38B7}.Debug|ARM.Build.0 = Debug|Any CPU
		{349582B6-72EB-4175-B72E-EFB7FFEE38B7}.Debug|ARM.Deploy.0 = Debug|Any CPU
		{349582B6-72EB-4175-B72E-EFB7FFEE38B7}.Debug|iPhone.ActiveCfg = Debug|Any CPU
		{349582B6-72EB-4175-B72E-EFB7FFEE38B7}.Debug|iPhone.Build.0 = Debug|Any CPU
		{349582B6-72EB-4175-B72E-EFB7FFEE38B7}.Debug|iPhone.Deploy.0 = Debug|Any CPU
		{349582B6-72EB-4175-B72E-EFB7FFEE38B7}.Debug|iPhoneSimulator.ActiveCfg = Debug|Any CPU
		{349582B6-72EB-4175-B72E-EFB7FFEE38B7}.Debug|iPhoneSimulator.Build.0 = Debug|Any CPU
		{349582B6-72EB-4175-B72E-EFB7FFEE38B7}.Debug|iPhoneSimulator.Deploy.0 = Debug|Any CPU
		{349582B6-72EB-4175-B72E-EFB7FFEE38B7}.Debug|x64.ActiveCfg = Debug|Any CPU
		{349582B6-72EB-4175-B72E-EFB7FFEE38B7}.Debug|x64.Build.0 = Debug|Any CPU
		{349582B6-72EB-4175-B72E-EFB7FFEE38B7}.Debug|x64.Deploy.0 = Debug|Any CPU
		{349582B6-72EB-4175-B72E-EFB7FFEE38B7}.Debug|x86.ActiveCfg = Debug|Any CPU
		{349582B6-72EB-4175-B72E-EFB7FFEE38B7}.Debug|x86.Build.0 = Debug|Any CPU
		{349582B6-72EB-4175-B72E-EFB7FFEE38B7}.Debug|x86.Deploy.0 = Debug|Any CPU
		{349582B6-72EB-4175-B72E-EFB7FFEE38B7}.Release|Any CPU.ActiveCfg = Release|Any CPU
		{349582B6-72EB-4175-B72E-EFB7FFEE38B7}.Release|Any CPU.Build.0 = Release|Any CPU
		{349582B6-72EB-4175-B72E-EFB7FFEE38B7}.Release|Any CPU.Deploy.0 = Release|Any CPU
		{349582B6-72EB-4175-B72E-EFB7FFEE38B7}.Release|ARM.ActiveCfg = Release|Any CPU
		{349582B6-72EB-4175-B72E-EFB7FFEE38B7}.Release|ARM.Build.0 = Release|Any CPU
		{349582B6-72EB-4175-B72E-EFB7FFEE38B7}.Release|ARM.Deploy.0 = Release|Any CPU
		{349582B6-72EB-4175-B72E-EFB7FFEE38B7}.Release|iPhone.ActiveCfg = Release|Any CPU
		{349582B6-72EB-4175-B72E-EFB7FFEE38B7}.Release|iPhone.Build.0 = Release|Any CPU
		{349582B6-72EB-4175-B72E-EFB7FFEE38B7}.Release|iPhone.Deploy.0 = Release|Any CPU
		{349582B6-72EB-4175-B72E-EFB7FFEE38B7}.Release|iPhoneSimulator.ActiveCfg = Release|Any CPU
		{349582B6-72EB-4175-B72E-EFB7FFEE38B7}.Release|iPhoneSimulator.Build.0 = Release|Any CPU
		{349582B6-72EB-4175-B72E-EFB7FFEE38B7}.Release|iPhoneSimulator.Deploy.0 = Release|Any CPU
		{349582B6-72EB-4175-B72E-EFB7FFEE38B7}.Release|x64.ActiveCfg = Release|Any CPU
		{349582B6-72EB-4175-B72E-EFB7FFEE38B7}.Release|x64.Build.0 = Release|Any CPU
		{349582B6-72EB-4175-B72E-EFB7FFEE38B7}.Release|x64.Deploy.0 = Release|Any CPU
		{349582B6-72EB-4175-B72E-EFB7FFEE38B7}.Release|x86.ActiveCfg = Release|Any CPU
		{349582B6-72EB-4175-B72E-EFB7FFEE38B7}.Release|x86.Build.0 = Release|Any CPU
		{349582B6-72EB-4175-B72E-EFB7FFEE38B7}.Release|x86.Deploy.0 = Release|Any CPU
		{71C68B83-0397-4AA7-AAFC-57B110209AFF}.Ad-Hoc|Any CPU.ActiveCfg = Ad-Hoc|iPhone
		{71C68B83-0397-4AA7-AAFC-57B110209AFF}.Ad-Hoc|Any CPU.Build.0 = Ad-Hoc|iPhone
		{71C68B83-0397-4AA7-AAFC-57B110209AFF}.Ad-Hoc|Any CPU.Deploy.0 = Ad-Hoc|iPhone
		{71C68B83-0397-4AA7-AAFC-57B110209AFF}.Ad-Hoc|ARM.ActiveCfg = Ad-Hoc|iPhone
		{71C68B83-0397-4AA7-AAFC-57B110209AFF}.Ad-Hoc|ARM.Build.0 = Ad-Hoc|iPhone
		{71C68B83-0397-4AA7-AAFC-57B110209AFF}.Ad-Hoc|ARM.Deploy.0 = Ad-Hoc|iPhone
		{71C68B83-0397-4AA7-AAFC-57B110209AFF}.Ad-Hoc|iPhone.ActiveCfg = Ad-Hoc|iPhone
		{71C68B83-0397-4AA7-AAFC-57B110209AFF}.Ad-Hoc|iPhone.Build.0 = Ad-Hoc|iPhone
		{71C68B83-0397-4AA7-AAFC-57B110209AFF}.Ad-Hoc|iPhone.Deploy.0 = Ad-Hoc|iPhone
		{71C68B83-0397-4AA7-AAFC-57B110209AFF}.Ad-Hoc|iPhoneSimulator.ActiveCfg = Ad-Hoc|iPhoneSimulator
		{71C68B83-0397-4AA7-AAFC-57B110209AFF}.Ad-Hoc|iPhoneSimulator.Build.0 = Ad-Hoc|iPhoneSimulator
		{71C68B83-0397-4AA7-AAFC-57B110209AFF}.Ad-Hoc|iPhoneSimulator.Deploy.0 = Ad-Hoc|iPhoneSimulator
		{71C68B83-0397-4AA7-AAFC-57B110209AFF}.Ad-Hoc|x64.ActiveCfg = Ad-Hoc|iPhone
		{71C68B83-0397-4AA7-AAFC-57B110209AFF}.Ad-Hoc|x64.Build.0 = Ad-Hoc|iPhone
		{71C68B83-0397-4AA7-AAFC-57B110209AFF}.Ad-Hoc|x64.Deploy.0 = Ad-Hoc|iPhone
		{71C68B83-0397-4AA7-AAFC-57B110209AFF}.Ad-Hoc|x86.ActiveCfg = Ad-Hoc|iPhone
		{71C68B83-0397-4AA7-AAFC-57B110209AFF}.Ad-Hoc|x86.Build.0 = Ad-Hoc|iPhone
		{71C68B83-0397-4AA7-AAFC-57B110209AFF}.Ad-Hoc|x86.Deploy.0 = Ad-Hoc|iPhone
		{71C68B83-0397-4AA7-AAFC-57B110209AFF}.AppStore|Any CPU.ActiveCfg = AppStore|iPhone
		{71C68B83-0397-4AA7-AAFC-57B110209AFF}.AppStore|Any CPU.Build.0 = AppStore|iPhone
		{71C68B83-0397-4AA7-AAFC-57B110209AFF}.AppStore|Any CPU.Deploy.0 = AppStore|iPhone
		{71C68B83-0397-4AA7-AAFC-57B110209AFF}.AppStore|ARM.ActiveCfg = AppStore|iPhone
		{71C68B83-0397-4AA7-AAFC-57B110209AFF}.AppStore|ARM.Build.0 = AppStore|iPhone
		{71C68B83-0397-4AA7-AAFC-57B110209AFF}.AppStore|ARM.Deploy.0 = AppStore|iPhone
		{71C68B83-0397-4AA7-AAFC-57B110209AFF}.AppStore|iPhone.ActiveCfg = AppStore|iPhone
		{71C68B83-0397-4AA7-AAFC-57B110209AFF}.AppStore|iPhone.Build.0 = AppStore|iPhone
		{71C68B83-0397-4AA7-AAFC-57B110209AFF}.AppStore|iPhone.Deploy.0 = AppStore|iPhone
		{71C68B83-0397-4AA7-AAFC-57B110209AFF}.AppStore|iPhoneSimulator.ActiveCfg = AppStore|iPhoneSimulator
		{71C68B83-0397-4AA7-AAFC-57B110209AFF}.AppStore|iPhoneSimulator.Build.0 = AppStore|iPhoneSimulator
		{71C68B83-0397-4AA7-AAFC-57B110209AFF}.AppStore|iPhoneSimulator.Deploy.0 = AppStore|iPhoneSimulator
		{71C68B83-0397-4AA7-AAFC-57B110209AFF}.AppStore|x64.ActiveCfg = AppStore|iPhone
		{71C68B83-0397-4AA7-AAFC-57B110209AFF}.AppStore|x64.Build.0 = AppStore|iPhone
		{71C68B83-0397-4AA7-AAFC-57B110209AFF}.AppStore|x64.Deploy.0 = AppStore|iPhone
		{71C68B83-0397-4AA7-AAFC-57B110209AFF}.AppStore|x86.ActiveCfg = AppStore|iPhone
		{71C68B83-0397-4AA7-AAFC-57B110209AFF}.AppStore|x86.Build.0 = AppStore|iPhone
		{71C68B83-0397-4AA7-AAFC-57B110209AFF}.AppStore|x86.Deploy.0 = AppStore|iPhone
		{71C68B83-0397-4AA7-AAFC-57B110209AFF}.Debug|Any CPU.ActiveCfg = Debug|iPhoneSimulator
		{71C68B83-0397-4AA7-AAFC-57B110209AFF}.Debug|Any CPU.Build.0 = Debug|iPhoneSimulator
		{71C68B83-0397-4AA7-AAFC-57B110209AFF}.Debug|Any CPU.Deploy.0 = Debug|iPhoneSimulator
		{71C68B83-0397-4AA7-AAFC-57B110209AFF}.Debug|ARM.ActiveCfg = Debug|iPhone
		{71C68B83-0397-4AA7-AAFC-57B110209AFF}.Debug|ARM.Build.0 = Debug|iPhone
		{71C68B83-0397-4AA7-AAFC-57B110209AFF}.Debug|ARM.Deploy.0 = Debug|iPhone
		{71C68B83-0397-4AA7-AAFC-57B110209AFF}.Debug|iPhone.ActiveCfg = Debug|iPhone
		{71C68B83-0397-4AA7-AAFC-57B110209AFF}.Debug|iPhone.Build.0 = Debug|iPhone
		{71C68B83-0397-4AA7-AAFC-57B110209AFF}.Debug|iPhone.Deploy.0 = Debug|iPhone
		{71C68B83-0397-4AA7-AAFC-57B110209AFF}.Debug|iPhoneSimulator.ActiveCfg = Debug|iPhoneSimulator
		{71C68B83-0397-4AA7-AAFC-57B110209AFF}.Debug|iPhoneSimulator.Build.0 = Debug|iPhoneSimulator
		{71C68B83-0397-4AA7-AAFC-57B110209AFF}.Debug|iPhoneSimulator.Deploy.0 = Debug|iPhoneSimulator
		{71C68B83-0397-4AA7-AAFC-57B110209AFF}.Debug|x64.ActiveCfg = Debug|iPhone
		{71C68B83-0397-4AA7-AAFC-57B110209AFF}.Debug|x64.Build.0 = Debug|iPhone
		{71C68B83-0397-4AA7-AAFC-57B110209AFF}.Debug|x64.Deploy.0 = Debug|iPhone
		{71C68B83-0397-4AA7-AAFC-57B110209AFF}.Debug|x86.ActiveCfg = Debug|iPhone
		{71C68B83-0397-4AA7-AAFC-57B110209AFF}.Debug|x86.Build.0 = Debug|iPhone
		{71C68B83-0397-4AA7-AAFC-57B110209AFF}.Debug|x86.Deploy.0 = Debug|iPhone
		{71C68B83-0397-4AA7-AAFC-57B110209AFF}.Release|Any CPU.ActiveCfg = Release|iPhone
		{71C68B83-0397-4AA7-AAFC-57B110209AFF}.Release|Any CPU.Build.0 = Release|iPhone
		{71C68B83-0397-4AA7-AAFC-57B110209AFF}.Release|Any CPU.Deploy.0 = Release|iPhone
		{71C68B83-0397-4AA7-AAFC-57B110209AFF}.Release|ARM.ActiveCfg = Release|iPhone
		{71C68B83-0397-4AA7-AAFC-57B110209AFF}.Release|ARM.Build.0 = Release|iPhone
		{71C68B83-0397-4AA7-AAFC-57B110209AFF}.Release|ARM.Deploy.0 = Release|iPhone
		{71C68B83-0397-4AA7-AAFC-57B110209AFF}.Release|iPhone.ActiveCfg = Release|iPhone
		{71C68B83-0397-4AA7-AAFC-57B110209AFF}.Release|iPhone.Build.0 = Release|iPhone
		{71C68B83-0397-4AA7-AAFC-57B110209AFF}.Release|iPhone.Deploy.0 = Release|iPhone
		{71C68B83-0397-4AA7-AAFC-57B110209AFF}.Release|iPhoneSimulator.ActiveCfg = Release|iPhoneSimulator
		{71C68B83-0397-4AA7-AAFC-57B110209AFF}.Release|iPhoneSimulator.Build.0 = Release|iPhoneSimulator
		{71C68B83-0397-4AA7-AAFC-57B110209AFF}.Release|iPhoneSimulator.Deploy.0 = Release|iPhoneSimulator
		{71C68B83-0397-4AA7-AAFC-57B110209AFF}.Release|x64.ActiveCfg = Release|iPhone
		{71C68B83-0397-4AA7-AAFC-57B110209AFF}.Release|x64.Build.0 = Release|iPhone
		{71C68B83-0397-4AA7-AAFC-57B110209AFF}.Release|x64.Deploy.0 = Release|iPhone
		{71C68B83-0397-4AA7-AAFC-57B110209AFF}.Release|x86.ActiveCfg = Release|iPhone
		{71C68B83-0397-4AA7-AAFC-57B110209AFF}.Release|x86.Build.0 = Release|iPhone
		{71C68B83-0397-4AA7-AAFC-57B110209AFF}.Release|x86.Deploy.0 = Release|iPhone
		{C129A051-A852-4B54-AEBB-4248EF71A515}.Ad-Hoc|Any CPU.ActiveCfg = Release|x86
		{C129A051-A852-4B54-AEBB-4248EF71A515}.Ad-Hoc|Any CPU.Build.0 = Release|x86
		{C129A051-A852-4B54-AEBB-4248EF71A515}.Ad-Hoc|Any CPU.Deploy.0 = Release|x86
		{C129A051-A852-4B54-AEBB-4248EF71A515}.Ad-Hoc|ARM.ActiveCfg = Release|ARM
		{C129A051-A852-4B54-AEBB-4248EF71A515}.Ad-Hoc|ARM.Build.0 = Release|ARM
		{C129A051-A852-4B54-AEBB-4248EF71A515}.Ad-Hoc|ARM.Deploy.0 = Release|ARM
		{C129A051-A852-4B54-AEBB-4248EF71A515}.Ad-Hoc|iPhone.ActiveCfg = Release|x86
		{C129A051-A852-4B54-AEBB-4248EF71A515}.Ad-Hoc|iPhone.Build.0 = Release|x86
		{C129A051-A852-4B54-AEBB-4248EF71A515}.Ad-Hoc|iPhone.Deploy.0 = Release|x86
		{C129A051-A852-4B54-AEBB-4248EF71A515}.Ad-Hoc|iPhoneSimulator.ActiveCfg = Release|x86
		{C129A051-A852-4B54-AEBB-4248EF71A515}.Ad-Hoc|iPhoneSimulator.Build.0 = Release|x86
		{C129A051-A852-4B54-AEBB-4248EF71A515}.Ad-Hoc|iPhoneSimulator.Deploy.0 = Release|x86
		{C129A051-A852-4B54-AEBB-4248EF71A515}.Ad-Hoc|x64.ActiveCfg = Release|x64
		{C129A051-A852-4B54-AEBB-4248EF71A515}.Ad-Hoc|x64.Build.0 = Release|x64
		{C129A051-A852-4B54-AEBB-4248EF71A515}.Ad-Hoc|x64.Deploy.0 = Release|x64
		{C129A051-A852-4B54-AEBB-4248EF71A515}.Ad-Hoc|x86.ActiveCfg = Release|x86
		{C129A051-A852-4B54-AEBB-4248EF71A515}.Ad-Hoc|x86.Build.0 = Release|x86
		{C129A051-A852-4B54-AEBB-4248EF71A515}.Ad-Hoc|x86.Deploy.0 = Release|x86
		{C129A051-A852-4B54-AEBB-4248EF71A515}.AppStore|Any CPU.ActiveCfg = Release|x86
		{C129A051-A852-4B54-AEBB-4248EF71A515}.AppStore|Any CPU.Build.0 = Release|x86
		{C129A051-A852-4B54-AEBB-4248EF71A515}.AppStore|Any CPU.Deploy.0 = Release|x86
		{C129A051-A852-4B54-AEBB-4248EF71A515}.AppStore|ARM.ActiveCfg = Release|ARM
		{C129A051-A852-4B54-AEBB-4248EF71A515}.AppStore|ARM.Build.0 = Release|ARM
		{C129A051-A852-4B54-AEBB-4248EF71A515}.AppStore|ARM.Deploy.0 = Release|ARM
		{C129A051-A852-4B54-AEBB-4248EF71A515}.AppStore|iPhone.ActiveCfg = Release|x86
		{C129A051-A852-4B54-AEBB-4248EF71A515}.AppStore|iPhone.Build.0 = Release|x86
		{C129A051-A852-4B54-AEBB-4248EF71A515}.AppStore|iPhone.Deploy.0 = Release|x86
		{C129A051-A852-4B54-AEBB-4248EF71A515}.AppStore|iPhoneSimulator.ActiveCfg = Release|x86
		{C129A051-A852-4B54-AEBB-4248EF71A515}.AppStore|iPhoneSimulator.Build.0 = Release|x86
		{C129A051-A852-4B54-AEBB-4248EF71A515}.AppStore|iPhoneSimulator.Deploy.0 = Release|x86
		{C129A051-A852-4B54-AEBB-4248EF71A515}.AppStore|x64.ActiveCfg = Release|x64
		{C129A051-A852-4B54-AEBB-4248EF71A515}.AppStore|x64.Build.0 = Release|x64
		{C129A051-A852-4B54-AEBB-4248EF71A515}.AppStore|x64.Deploy.0 = Release|x64
		{C129A051-A852-4B54-AEBB-4248EF71A515}.AppStore|x86.ActiveCfg = Release|x86
		{C129A051-A852-4B54-AEBB-4248EF71A515}.AppStore|x86.Build.0 = Release|x86
		{C129A051-A852-4B54-AEBB-4248EF71A515}.AppStore|x86.Deploy.0 = Release|x86
		{C129A051-A852-4B54-AEBB-4248EF71A515}.Debug|Any CPU.ActiveCfg = Debug|x86
		{C129A051-A852-4B54-AEBB-4248EF71A515}.Debug|Any CPU.Build.0 = Debug|x86
		{C129A051-A852-4B54-AEBB-4248EF71A515}.Debug|Any CPU.Deploy.0 = Debug|x86
		{C129A051-A852-4B54-AEBB-4248EF71A515}.Debug|ARM.ActiveCfg = Debug|ARM
		{C129A051-A852-4B54-AEBB-4248EF71A515}.Debug|ARM.Build.0 = Debug|ARM
		{C129A051-A852-4B54-AEBB-4248EF71A515}.Debug|ARM.Deploy.0 = Debug|ARM
		{C129A051-A852-4B54-AEBB-4248EF71A515}.Debug|iPhone.ActiveCfg = Debug|x86
		{C129A051-A852-4B54-AEBB-4248EF71A515}.Debug|iPhone.Build.0 = Debug|x86
		{C129A051-A852-4B54-AEBB-4248EF71A515}.Debug|iPhone.Deploy.0 = Debug|x86
		{C129A051-A852-4B54-AEBB-4248EF71A515}.Debug|iPhoneSimulator.ActiveCfg = Debug|x86
		{C129A051-A852-4B54-AEBB-4248EF71A515}.Debug|iPhoneSimulator.Build.0 = Debug|x86
		{C129A051-A852-4B54-AEBB-4248EF71A515}.Debug|iPhoneSimulator.Deploy.0 = Debug|x86
		{C129A051-A852-4B54-AEBB-4248EF71A515}.Debug|x64.ActiveCfg = Debug|x64
		{C129A051-A852-4B54-AEBB-4248EF71A515}.Debug|x64.Build.0 = Debug|x64
		{C129A051-A852-4B54-AEBB-4248EF71A515}.Debug|x64.Deploy.0 = Debug|x64
		{C129A051-A852-4B54-AEBB-4248EF71A515}.Debug|x86.ActiveCfg = Debug|x86
		{C129A051-A852-4B54-AEBB-4248EF71A515}.Debug|x86.Build.0 = Debug|x86
		{C129A051-A852-4B54-AEBB-4248EF71A515}.Debug|x86.Deploy.0 = Debug|x86
		{C129A051-A852-4B54-AEBB-4248EF71A515}.Release|Any CPU.ActiveCfg = Release|x86
		{C129A051-A852-4B54-AEBB-4248EF71A515}.Release|Any CPU.Build.0 = Release|x86
		{C129A051-A852-4B54-AEBB-4248EF71A515}.Release|Any CPU.Deploy.0 = Release|x86
		{C129A051-A852-4B54-AEBB-4248EF71A515}.Release|ARM.ActiveCfg = Release|ARM
		{C129A051-A852-4B54-AEBB-4248EF71A515}.Release|ARM.Build.0 = Release|ARM
		{C129A051-A852-4B54-AEBB-4248EF71A515}.Release|ARM.Deploy.0 = Release|ARM
		{C129A051-A852-4B54-AEBB-4248EF71A515}.Release|iPhone.ActiveCfg = Release|x86
		{C129A051-A852-4B54-AEBB-4248EF71A515}.Release|iPhone.Build.0 = Release|x86
		{C129A051-A852-4B54-AEBB-4248EF71A515}.Release|iPhone.Deploy.0 = Release|x86
		{C129A051-A852-4B54-AEBB-4248EF71A515}.Release|iPhoneSimulator.ActiveCfg = Release|x86
		{C129A051-A852-4B54-AEBB-4248EF71A515}.Release|iPhoneSimulator.Build.0 = Release|x86
		{C129A051-A852-4B54-AEBB-4248EF71A515}.Release|iPhoneSimulator.Deploy.0 = Release|x86
		{C129A051-A852-4B54-AEBB-4248EF71A515}.Release|x64.ActiveCfg = Release|x64
		{C129A051-A852-4B54-AEBB-4248EF71A515}.Release|x64.Build.0 = Release|x64
		{C129A051-A852-4B54-AEBB-4248EF71A515}.Release|x64.Deploy.0 = Release|x64
		{C129A051-A852-4B54-AEBB-4248EF71A515}.Release|x86.ActiveCfg = Release|x86
		{C129A051-A852-4B54-AEBB-4248EF71A515}.Release|x86.Build.0 = Release|x86
		{C129A051-A852-4B54-AEBB-4248EF71A515}.Release|x86.Deploy.0 = Release|x86
		{272431EF-40AC-43D3-9025-EF67D5A17011}.Ad-Hoc|Any CPU.ActiveCfg = Debug|Any CPU
		{272431EF-40AC-43D3-9025-EF67D5A17011}.Ad-Hoc|Any CPU.Build.0 = Debug|Any CPU
		{272431EF-40AC-43D3-9025-EF67D5A17011}.Ad-Hoc|Any CPU.Deploy.0 = Debug|Any CPU
		{272431EF-40AC-43D3-9025-EF67D5A17011}.Ad-Hoc|ARM.ActiveCfg = Debug|Any CPU
		{272431EF-40AC-43D3-9025-EF67D5A17011}.Ad-Hoc|ARM.Build.0 = Debug|Any CPU
		{272431EF-40AC-43D3-9025-EF67D5A17011}.Ad-Hoc|ARM.Deploy.0 = Debug|Any CPU
		{272431EF-40AC-43D3-9025-EF67D5A17011}.Ad-Hoc|iPhone.ActiveCfg = Debug|Any CPU
		{272431EF-40AC-43D3-9025-EF67D5A17011}.Ad-Hoc|iPhone.Build.0 = Debug|Any CPU
		{272431EF-40AC-43D3-9025-EF67D5A17011}.Ad-Hoc|iPhone.Deploy.0 = Debug|Any CPU
		{272431EF-40AC-43D3-9025-EF67D5A17011}.Ad-Hoc|iPhoneSimulator.ActiveCfg = Debug|Any CPU
		{272431EF-40AC-43D3-9025-EF67D5A17011}.Ad-Hoc|iPhoneSimulator.Build.0 = Debug|Any CPU
		{272431EF-40AC-43D3-9025-EF67D5A17011}.Ad-Hoc|iPhoneSimulator.Deploy.0 = Debug|Any CPU
		{272431EF-40AC-43D3-9025-EF67D5A17011}.Ad-Hoc|x64.ActiveCfg = Debug|Any CPU
		{272431EF-40AC-43D3-9025-EF67D5A17011}.Ad-Hoc|x64.Build.0 = Debug|Any CPU
		{272431EF-40AC-43D3-9025-EF67D5A17011}.Ad-Hoc|x64.Deploy.0 = Debug|Any CPU
		{272431EF-40AC-43D3-9025-EF67D5A17011}.Ad-Hoc|x86.ActiveCfg = Debug|Any CPU
		{272431EF-40AC-43D3-9025-EF67D5A17011}.Ad-Hoc|x86.Build.0 = Debug|Any CPU
		{272431EF-40AC-43D3-9025-EF67D5A17011}.Ad-Hoc|x86.Deploy.0 = Debug|Any CPU
		{272431EF-40AC-43D3-9025-EF67D5A17011}.AppStore|Any CPU.ActiveCfg = Debug|Any CPU
		{272431EF-40AC-43D3-9025-EF67D5A17011}.AppStore|Any CPU.Build.0 = Debug|Any CPU
		{272431EF-40AC-43D3-9025-EF67D5A17011}.AppStore|Any CPU.Deploy.0 = Debug|Any CPU
		{272431EF-40AC-43D3-9025-EF67D5A17011}.AppStore|ARM.ActiveCfg = Debug|Any CPU
		{272431EF-40AC-43D3-9025-EF67D5A17011}.AppStore|ARM.Build.0 = Debug|Any CPU
		{272431EF-40AC-43D3-9025-EF67D5A17011}.AppStore|ARM.Deploy.0 = Debug|Any CPU
		{272431EF-40AC-43D3-9025-EF67D5A17011}.AppStore|iPhone.ActiveCfg = Debug|Any CPU
		{272431EF-40AC-43D3-9025-EF67D5A17011}.AppStore|iPhone.Build.0 = Debug|Any CPU
		{272431EF-40AC-43D3-9025-EF67D5A17011}.AppStore|iPhone.Deploy.0 = Debug|Any CPU
		{272431EF-40AC-43D3-9025-EF67D5A17011}.AppStore|iPhoneSimulator.ActiveCfg = Debug|Any CPU
		{272431EF-40AC-43D3-9025-EF67D5A17011}.AppStore|iPhoneSimulator.Build.0 = Debug|Any CPU
		{272431EF-40AC-43D3-9025-EF67D5A17011}.AppStore|iPhoneSimulator.Deploy.0 = Debug|Any CPU
		{272431EF-40AC-43D3-9025-EF67D5A17011}.AppStore|x64.ActiveCfg = Debug|Any CPU
		{272431EF-40AC-43D3-9025-EF67D5A17011}.AppStore|x64.Build.0 = Debug|Any CPU
		{272431EF-40AC-43D3-9025-EF67D5A17011}.AppStore|x64.Deploy.0 = Debug|Any CPU
		{272431EF-40AC-43D3-9025-EF67D5A17011}.AppStore|x86.ActiveCfg = Debug|Any CPU
		{272431EF-40AC-43D3-9025-EF67D5A17011}.AppStore|x86.Build.0 = Debug|Any CPU
		{272431EF-40AC-43D3-9025-EF67D5A17011}.AppStore|x86.Deploy.0 = Debug|Any CPU
		{272431EF-40AC-43D3-9025-EF67D5A17011}.Debug|Any CPU.ActiveCfg = Debug|Any CPU
		{272431EF-40AC-43D3-9025-EF67D5A17011}.Debug|Any CPU.Build.0 = Debug|Any CPU
		{272431EF-40AC-43D3-9025-EF67D5A17011}.Debug|Any CPU.Deploy.0 = Debug|Any CPU
		{272431EF-40AC-43D3-9025-EF67D5A17011}.Debug|ARM.ActiveCfg = Debug|Any CPU
		{272431EF-40AC-43D3-9025-EF67D5A17011}.Debug|ARM.Build.0 = Debug|Any CPU
		{272431EF-40AC-43D3-9025-EF67D5A17011}.Debug|ARM.Deploy.0 = Debug|Any CPU
		{272431EF-40AC-43D3-9025-EF67D5A17011}.Debug|iPhone.ActiveCfg = Debug|Any CPU
		{272431EF-40AC-43D3-9025-EF67D5A17011}.Debug|iPhone.Build.0 = Debug|Any CPU
		{272431EF-40AC-43D3-9025-EF67D5A17011}.Debug|iPhone.Deploy.0 = Debug|Any CPU
		{272431EF-40AC-43D3-9025-EF67D5A17011}.Debug|iPhoneSimulator.ActiveCfg = Debug|Any CPU
		{272431EF-40AC-43D3-9025-EF67D5A17011}.Debug|iPhoneSimulator.Build.0 = Debug|Any CPU
		{272431EF-40AC-43D3-9025-EF67D5A17011}.Debug|iPhoneSimulator.Deploy.0 = Debug|Any CPU
		{272431EF-40AC-43D3-9025-EF67D5A17011}.Debug|x64.ActiveCfg = Debug|Any CPU
		{272431EF-40AC-43D3-9025-EF67D5A17011}.Debug|x64.Build.0 = Debug|Any CPU
		{272431EF-40AC-43D3-9025-EF67D5A17011}.Debug|x64.Deploy.0 = Debug|Any CPU
		{272431EF-40AC-43D3-9025-EF67D5A17011}.Debug|x86.ActiveCfg = Debug|Any CPU
		{272431EF-40AC-43D3-9025-EF67D5A17011}.Debug|x86.Build.0 = Debug|Any CPU
		{272431EF-40AC-43D3-9025-EF67D5A17011}.Debug|x86.Deploy.0 = Debug|Any CPU
		{272431EF-40AC-43D3-9025-EF67D5A17011}.Release|Any CPU.ActiveCfg = Release|Any CPU
		{272431EF-40AC-43D3-9025-EF67D5A17011}.Release|Any CPU.Build.0 = Release|Any CPU
		{272431EF-40AC-43D3-9025-EF67D5A17011}.Release|Any CPU.Deploy.0 = Release|Any CPU
		{272431EF-40AC-43D3-9025-EF67D5A17011}.Release|ARM.ActiveCfg = Release|Any CPU
		{272431EF-40AC-43D3-9025-EF67D5A17011}.Release|ARM.Build.0 = Release|Any CPU
		{272431EF-40AC-43D3-9025-EF67D5A17011}.Release|ARM.Deploy.0 = Release|Any CPU
		{272431EF-40AC-43D3-9025-EF67D5A17011}.Release|iPhone.ActiveCfg = Release|Any CPU
		{272431EF-40AC-43D3-9025-EF67D5A17011}.Release|iPhone.Build.0 = Release|Any CPU
		{272431EF-40AC-43D3-9025-EF67D5A17011}.Release|iPhone.Deploy.0 = Release|Any CPU
		{272431EF-40AC-43D3-9025-EF67D5A17011}.Release|iPhoneSimulator.ActiveCfg = Release|Any CPU
		{272431EF-40AC-43D3-9025-EF67D5A17011}.Release|iPhoneSimulator.Build.0 = Release|Any CPU
		{272431EF-40AC-43D3-9025-EF67D5A17011}.Release|iPhoneSimulator.Deploy.0 = Release|Any CPU
		{272431EF-40AC-43D3-9025-EF67D5A17011}.Release|x64.ActiveCfg = Release|Any CPU
		{272431EF-40AC-43D3-9025-EF67D5A17011}.Release|x64.Build.0 = Release|Any CPU
		{272431EF-40AC-43D3-9025-EF67D5A17011}.Release|x64.Deploy.0 = Release|Any CPU
		{272431EF-40AC-43D3-9025-EF67D5A17011}.Release|x86.ActiveCfg = Release|Any CPU
		{272431EF-40AC-43D3-9025-EF67D5A17011}.Release|x86.Build.0 = Release|Any CPU
		{272431EF-40AC-43D3-9025-EF67D5A17011}.Release|x86.Deploy.0 = Release|Any CPU
	EndGlobalSection
	GlobalSection(SolutionProperties) = preSolution
		HideSolutionNode = FALSE
	EndGlobalSection
	GlobalSection(ExtensibilityGlobals) = postSolution
		SolutionGuid = {E11F140A-D051-449C-A347-D40656B91371}
	EndGlobalSection
EndGlobal
